// !$*UTF8*$!
{
	archiveVersion = 1;
	classes = {
	};
	objectVersion = 50;
	objects = {

/* Begin PBXBuildFile section */
		2315AC312687157000D71FAD /* AppDelegate.swift in Sources */ = {isa = PBXBuildFile; fileRef = 2315AC302687157000D71FAD /* AppDelegate.swift */; };
		2315AC332687157000D71FAD /* SceneDelegate.swift in Sources */ = {isa = PBXBuildFile; fileRef = 2315AC322687157000D71FAD /* SceneDelegate.swift */; };
		2315AC352687157000D71FAD /* ViewController.swift in Sources */ = {isa = PBXBuildFile; fileRef = 2315AC342687157000D71FAD /* ViewController.swift */; };
		2315AC382687157000D71FAD /* Main.storyboard in Resources */ = {isa = PBXBuildFile; fileRef = 2315AC362687157000D71FAD /* Main.storyboard */; };
		2315AC3A2687157300D71FAD /* Assets.xcassets in Resources */ = {isa = PBXBuildFile; fileRef = 2315AC392687157300D71FAD /* Assets.xcassets */; };
		2315AC3D2687157300D71FAD /* LaunchScreen.storyboard in Resources */ = {isa = PBXBuildFile; fileRef = 2315AC3B2687157300D71FAD /* LaunchScreen.storyboard */; };
		50DD43D393492CB645B0FD2B /* Pods_UIBasic.framework in Frameworks */ = {isa = PBXBuildFile; fileRef = E6A006AFF26A07940BE6ACED /* Pods_UIBasic.framework */; };
/* End PBXBuildFile section */

/* Begin PBXFileReference section */
		0712AF908CC71BD846D60077 /* Pods-UIBasic.release.xcconfig */ = {isa = PBXFileReference; includeInIndex = 1; lastKnownFileType = text.xcconfig; name = "Pods-UIBasic.release.xcconfig"; path = "Target Support Files/Pods-UIBasic/Pods-UIBasic.release.xcconfig"; sourceTree = "<group>"; };
		2315AC2D2687157000D71FAD /* UIBasic.app */ = {isa = PBXFileReference; explicitFileType = wrapper.application; includeInIndex = 0; path = UIBasic.app; sourceTree = BUILT_PRODUCTS_DIR; };
		2315AC302687157000D71FAD /* AppDelegate.swift */ = {isa = PBXFileReference; lastKnownFileType = sourcecode.swift; path = AppDelegate.swift; sourceTree = "<group>"; };
		2315AC322687157000D71FAD /* SceneDelegate.swift */ = {isa = PBXFileReference; lastKnownFileType = sourcecode.swift; path = SceneDelegate.swift; sourceTree = "<group>"; };
		2315AC342687157000D71FAD /* ViewController.swift */ = {isa = PBXFileReference; lastKnownFileType = sourcecode.swift; path = ViewController.swift; sourceTree = "<group>"; };
		2315AC372687157000D71FAD /* Base */ = {isa = PBXFileReference; lastKnownFileType = file.storyboard; name = Base; path = Base.lproj/Main.storyboard; sourceTree = "<group>"; };
		2315AC392687157300D71FAD /* Assets.xcassets */ = {isa = PBXFileReference; lastKnownFileType = folder.assetcatalog; path = Assets.xcassets; sourceTree = "<group>"; };
		2315AC3C2687157300D71FAD /* Base */ = {isa = PBXFileReference; lastKnownFileType = file.storyboard; name = Base; path = Base.lproj/LaunchScreen.storyboard; sourceTree = "<group>"; };
		2315AC3E2687157300D71FAD /* Info.plist */ = {isa = PBXFileReference; lastKnownFileType = text.plist.xml; path = Info.plist; sourceTree = "<group>"; };
		BDBC38E39ECA0E993F3F93F7 /* Pods-UIBasic.debug.xcconfig */ = {isa = PBXFileReference; includeInIndex = 1; lastKnownFileType = text.xcconfig; name = "Pods-UIBasic.debug.xcconfig"; path = "Target Support Files/Pods-UIBasic/Pods-UIBasic.debug.xcconfig"; sourceTree = "<group>"; };
		E6A006AFF26A07940BE6ACED /* Pods_UIBasic.framework */ = {isa = PBXFileReference; explicitFileType = wrapper.framework; includeInIndex = 0; path = Pods_UIBasic.framework; sourceTree = BUILT_PRODUCTS_DIR; };
/* End PBXFileReference section */

/* Begin PBXFrameworksBuildPhase section */
		2315AC2A2687157000D71FAD /* Frameworks */ = {
			isa = PBXFrameworksBuildPhase;
			buildActionMask = 2147483647;
			files = (
				50DD43D393492CB645B0FD2B /* Pods_UIBasic.framework in Frameworks */,
			);
			runOnlyForDeploymentPostprocessing = 0;
		};
/* End PBXFrameworksBuildPhase section */

/* Begin PBXGroup section */
		2315AC242687157000D71FAD = {
			isa = PBXGroup;
			children = (
				2315AC2F2687157000D71FAD /* UIBasic */,
				2315AC2E2687157000D71FAD /* Products */,
				E822F7DD4823E1C975E323B8 /* Pods */,
				940B0A90B78661BE171F578D /* Frameworks */,
			);
			sourceTree = "<group>";
		};
		2315AC2E2687157000D71FAD /* Products */ = {
			isa = PBXGroup;
			children = (
				2315AC2D2687157000D71FAD /* UIBasic.app */,
			);
			name = Products;
			sourceTree = "<group>";
		};
		2315AC2F2687157000D71FAD /* UIBasic */ = {
			isa = PBXGroup;
			children = (
				2315AC302687157000D71FAD /* AppDelegate.swift */,
				2315AC322687157000D71FAD /* SceneDelegate.swift */,
				2315AC342687157000D71FAD /* ViewController.swift */,
				2315AC362687157000D71FAD /* Main.storyboard */,
				2315AC392687157300D71FAD /* Assets.xcassets */,
				2315AC3B2687157300D71FAD /* LaunchScreen.storyboard */,
				2315AC3E2687157300D71FAD /* Info.plist */,
			);
			path = UIBasic;
			sourceTree = "<group>";
		};
		940B0A90B78661BE171F578D /* Frameworks */ = {
			isa = PBXGroup;
			children = (
				E6A006AFF26A07940BE6ACED /* Pods_UIBasic.framework */,
			);
			name = Frameworks;
			sourceTree = "<group>";
		};
		E822F7DD4823E1C975E323B8 /* Pods */ = {
			isa = PBXGroup;
			children = (
				BDBC38E39ECA0E993F3F93F7 /* Pods-UIBasic.debug.xcconfig */,
				0712AF908CC71BD846D60077 /* Pods-UIBasic.release.xcconfig */,
			);
			name = Pods;
			path = Pods;
			sourceTree = "<group>";
		};
/* End PBXGroup section */

/* Begin PBXNativeTarget section */
		2315AC2C2687157000D71FAD /* UIBasic */ = {
			isa = PBXNativeTarget;
			buildConfigurationList = 2315AC412687157300D71FAD /* Build configuration list for PBXNativeTarget "UIBasic" */;
			buildPhases = (
				EA84229F1D59D56BA2655163 /* [CP] Check Pods Manifest.lock */,
				2315AC292687157000D71FAD /* Sources */,
				2315AC2A2687157000D71FAD /* Frameworks */,
				2315AC2B2687157000D71FAD /* Resources */,
			);
			buildRules = (
			);
			dependencies = (
			);
			name = UIBasic;
			productName = UIBasic;
			productReference = 2315AC2D2687157000D71FAD /* UIBasic.app */;
			productType = "com.apple.product-type.application";
		};
/* End PBXNativeTarget section */

/* Begin PBXProject section */
		2315AC252687157000D71FAD /* Project object */ = {
			isa = PBXProject;
			attributes = {
				LastSwiftUpdateCheck = 1250;
				LastUpgradeCheck = 1250;
				TargetAttributes = {
					2315AC2C2687157000D71FAD = {
						CreatedOnToolsVersion = 12.5.1;
					};
				};
			};
			buildConfigurationList = 2315AC282687157000D71FAD /* Build configuration list for PBXProject "UIBasic" */;
			compatibilityVersion = "Xcode 9.3";
			developmentRegion = en;
			hasScannedForEncodings = 0;
			knownRegions = (
				en,
				Base,
			);
			mainGroup = 2315AC242687157000D71FAD;
			productRefGroup = 2315AC2E2687157000D71FAD /* Products */;
			projectDirPath = "";
			projectRoot = "";
			targets = (
				2315AC2C2687157000D71FAD /* UIBasic */,
			);
		};
/* End PBXProject section */

/* Begin PBXResourcesBuildPhase section */
		2315AC2B2687157000D71FAD /* Resources */ = {
			isa = PBXResourcesBuildPhase;
			buildActionMask = 2147483647;
			files = (
				2315AC3D2687157300D71FAD /* LaunchScreen.storyboard in Resources */,
				2315AC3A2687157300D71FAD /* Assets.xcassets in Resources */,
				2315AC382687157000D71FAD /* Main.storyboard in Resources */,
			);
			runOnlyForDeploymentPostprocessing = 0;
		};
/* End PBXResourcesBuildPhase section */

/* Begin PBXShellScriptBuildPhase section */
		EA84229F1D59D56BA2655163 /* [CP] Check Pods Manifest.lock */ = {
			isa = PBXShellScriptBuildPhase;
			buildActionMask = 2147483647;
			files = (
			);
			inputFileListPaths = (
			);
			inputPaths = (
				"${PODS_PODFILE_DIR_PATH}/Podfile.lock",
				"${PODS_ROOT}/Manifest.lock",
			);
			name = "[CP] Check Pods Manifest.lock";
			outputFileListPaths = (
			);
			outputPaths = (
				"$(DERIVED_FILE_DIR)/Pods-UIBasic-checkManifestLockResult.txt",
			);
			runOnlyForDeploymentPostprocessing = 0;
			shellPath = /bin/sh;
			shellScript = "diff \"${PODS_PODFILE_DIR_PATH}/Podfile.lock\" \"${PODS_ROOT}/Manifest.lock\" > /dev/null\nif [ $? != 0 ] ; then\n    # print error to STDERR\n    echo \"error: The sandbox is not in sync with the Podfile.lock. Run 'pod install' or update your CocoaPods installation.\" >&2\n    exit 1\nfi\n# This output is used by Xcode 'outputs' to avoid re-running this script phase.\necho \"SUCCESS\" > \"${SCRIPT_OUTPUT_FILE_0}\"\n";
			showEnvVarsInLog = 0;
		};
/* End PBXShellScriptBuildPhase section */

/* Begin PBXSourcesBuildPhase section */
		2315AC292687157000D71FAD /* Sources */ = {
			isa = PBXSourcesBuildPhase;
			buildActionMask = 2147483647;
			files = (
				2315AC352687157000D71FAD /* ViewController.swift in Sources */,
				2315AC312687157000D71FAD /* AppDelegate.swift in Sources */,
				2315AC332687157000D71FAD /* SceneDelegate.swift in Sources */,
			);
			runOnlyForDeploymentPostprocessing = 0;
		};
/* End PBXSourcesBuildPhase section */

/* Begin PBXVariantGroup section */
		2315AC362687157000D71FAD /* Main.storyboard */ = {
			isa = PBXVariantGroup;
			children = (
				2315AC372687157000D71FAD /* Base */,
			);
			name = Main.storyboard;
			sourceTree = "<group>";
		};
		2315AC3B2687157300D71FAD /* LaunchScreen.storyboard */ = {
			isa = PBXVariantGroup;
			children = (
				2315AC3C2687157300D71FAD /* Base */,
			);
			name = LaunchScreen.storyboard;
			sourceTree = "<group>";
		};
/* End PBXVariantGroup section */

/* Begin XCBuildConfiguration section */
		2315AC3F2687157300D71FAD /* Debug */ = {
			isa = XCBuildConfiguration;
			buildSettings = {
				ALWAYS_SEARCH_USER_PATHS = NO;
				CLANG_ANALYZER_NONNULL = YES;
				CLANG_ANALYZER_NUMBER_OBJECT_CONVERSION = YES_AGGRESSIVE;
				CLANG_CXX_LANGUAGE_STANDARD = "gnu++14";
				CLANG_CXX_LIBRARY = "libc++";
				CLANG_ENABLE_MODULES = YES;
				CLANG_ENABLE_OBJC_ARC = YES;
				CLANG_ENABLE_OBJC_WEAK = YES;
				CLANG_WARN_BLOCK_CAPTURE_AUTORELEASING = YES;
				CLANG_WARN_BOOL_CONVERSION = YES;
				CLANG_WARN_COMMA = YES;
				CLANG_WARN_CONSTANT_CONVERSION = YES;
				CLANG_WARN_DEPRECATED_OBJC_IMPLEMENTATIONS = YES;
				CLANG_WARN_DIRECT_OBJC_ISA_USAGE = YES_ERROR;
				CLANG_WARN_DOCUMENTATION_COMMENTS = YES;
				CLANG_WARN_EMPTY_BODY = YES;
				CLANG_WARN_ENUM_CONVERSION = YES;
				CLANG_WARN_INFINITE_RECURSION = YES;
				CLANG_WARN_INT_CONVERSION = YES;
				CLANG_WARN_NON_LITERAL_NULL_CONVERSION = YES;
				CLANG_WARN_OBJC_IMPLICIT_RETAIN_SELF = YES;
				CLANG_WARN_OBJC_LITERAL_CONVERSION = YES;
				CLANG_WARN_OBJC_ROOT_CLASS = YES_ERROR;
				CLANG_WARN_QUOTED_INCLUDE_IN_FRAMEWORK_HEADER = YES;
				CLANG_WARN_RANGE_LOOP_ANALYSIS = YES;
				CLANG_WARN_STRICT_PROTOTYPES = YES;
				CLANG_WARN_SUSPICIOUS_MOVE = YES;
				CLANG_WARN_UNGUARDED_AVAILABILITY = YES_AGGRESSIVE;
				CLANG_WARN_UNREACHABLE_CODE = YES;
				CLANG_WARN__DUPLICATE_METHOD_MATCH = YES;
				COPY_PHASE_STRIP = NO;
				DEBUG_INFORMATION_FORMAT = dwarf;
				ENABLE_STRICT_OBJC_MSGSEND = YES;
				ENABLE_TESTABILITY = YES;
				GCC_C_LANGUAGE_STANDARD = gnu11;
				GCC_DYNAMIC_NO_PIC = NO;
				GCC_NO_COMMON_BLOCKS = YES;
				GCC_OPTIMIZATION_LEVEL = 0;
				GCC_PREPROCESSOR_DEFINITIONS = (
					"DEBUG=1",
					"$(inherited)",
				);
				GCC_WARN_64_TO_32_BIT_CONVERSION = YES;
				GCC_WARN_ABOUT_RETURN_TYPE = YES_ERROR;
				GCC_WARN_UNDECLARED_SELECTOR = YES;
				GCC_WARN_UNINITIALIZED_AUTOS = YES_AGGRESSIVE;
				GCC_WARN_UNUSED_FUNCTION = YES;
				GCC_WARN_UNUSED_VARIABLE = YES;
				IPHONEOS_DEPLOYMENT_TARGET = 14.5;
				MTL_ENABLE_DEBUG_INFO = INCLUDE_SOURCE;
				MTL_FAST_MATH = YES;
				ONLY_ACTIVE_ARCH = YES;
				SDKROOT = iphoneos;
				SWIFT_ACTIVE_COMPILATION_CONDITIONS = DEBUG;
				SWIFT_OPTIMIZATION_LEVEL = "-Onone";
			};
			name = Debug;
		};
		2315AC402687157300D71FAD /* Release */ = {
			isa = XCBuildConfiguration;
			buildSettings = {
				ALWAYS_SEARCH_USER_PATHS = NO;
				CLANG_ANALYZER_NONNULL = YES;
				CLANG_ANALYZER_NUMBER_OBJECT_CONVERSION = YES_AGGRESSIVE;
				CLANG_CXX_LANGUAGE_STANDARD = "gnu++14";
				CLANG_CXX_LIBRARY = "libc++";
				CLANG_ENABLE_MODULES = YES;
				CLANG_ENABLE_OBJC_ARC = YES;
				CLANG_ENABLE_OBJC_WEAK = YES;
				CLANG_WARN_BLOCK_CAPTURE_AUTORELEASING = YES;
				CLANG_WARN_BOOL_CONVERSION = YES;
				CLANG_WARN_COMMA = YES;
				CLANG_WARN_CONSTANT_CONVERSION = YES;
				CLANG_WARN_DEPRECATED_OBJC_IMPLEMENTATIONS = YES;
				CLANG_WARN_DIRECT_OBJC_ISA_USAGE = YES_ERROR;
				CLANG_WARN_DOCUMENTATION_COMMENTS = YES;
				CLANG_WARN_EMPTY_BODY = YES;
				CLANG_WARN_ENUM_CONVERSION = YES;
				CLANG_WARN_INFINITE_RECURSION = YES;
				CLANG_WARN_INT_CONVERSION = YES;
				CLANG_WARN_NON_LITERAL_NULL_CONVERSION = YES;
				CLANG_WARN_OBJC_IMPLICIT_RETAIN_SELF = YES;
				CLANG_WARN_OBJC_LITERAL_CONVERSION = YES;
				CLANG_WARN_OBJC_ROOT_CLASS = YES_ERROR;
				CLANG_WARN_QUOTED_INCLUDE_IN_FRAMEWORK_HEADER = YES;
				CLANG_WARN_RANGE_LOOP_ANALYSIS = YES;
				CLANG_WARN_STRICT_PROTOTYPES = YES;
				CLANG_WARN_SUSPICIOUS_MOVE = YES;
				CLANG_WARN_UNGUARDED_AVAILABILITY = YES_AGGRESSIVE;
				CLANG_WARN_UNREACHABLE_CODE = YES;
				CLANG_WARN__DUPLICATE_METHOD_MATCH = YES;
				COPY_PHASE_STRIP = NO;
				DEBUG_INFORMATION_FORMAT = "dwarf-with-dsym";
				ENABLE_NS_ASSERTIONS = NO;
				ENABLE_STRICT_OBJC_MSGSEND = YES;
				GCC_C_LANGUAGE_STANDARD = gnu11;
				GCC_NO_COMMON_BLOCKS = YES;
				GCC_WARN_64_TO_32_BIT_CONVERSION = YES;
				GCC_WARN_ABOUT_RETURN_TYPE = YES_ERROR;
				GCC_WARN_UNDECLARED_SELECTOR = YES;
				GCC_WARN_UNINITIALIZED_AUTOS = YES_AGGRESSIVE;
				GCC_WARN_UNUSED_FUNCTION = YES;
				GCC_WARN_UNUSED_VARIABLE = YES;
				IPHONEOS_DEPLOYMENT_TARGET = 14.5;
				MTL_ENABLE_DEBUG_INFO = NO;
				MTL_FAST_MATH = YES;
				SDKROOT = iphoneos;
				SWIFT_COMPILATION_MODE = wholemodule;
				SWIFT_OPTIMIZATION_LEVEL = "-O";
				VALIDATE_PRODUCT = YES;
			};
			name = Release;
		};
		2315AC422687157300D71FAD /* Debug */ = {
			isa = XCBuildConfiguration;
			baseConfigurationReference = BDBC38E39ECA0E993F3F93F7 /* Pods-UIBasic.debug.xcconfig */;
			buildSettings = {
				ASSETCATALOG_COMPILER_APPICON_NAME = AppIcon;
				ASSETCATALOG_COMPILER_GLOBAL_ACCENT_COLOR_NAME = AccentColor;
				CODE_SIGN_STYLE = Automatic;
				INFOPLIST_FILE = UIBasic/Info.plist;
				LD_RUNPATH_SEARCH_PATHS = (
					"$(inherited)",
					"@executable_path/Frameworks",
				);
				PRODUCT_BUNDLE_IDENTIFIER = com.beap.UIBasic;
				PRODUCT_NAME = "$(TARGET_NAME)";
				SWIFT_VERSION = 5.0;
				TARGETED_DEVICE_FAMILY = "1,2";
			};
			name = Debug;
		};
		2315AC432687157300D71FAD /* Release */ = {
			isa = XCBuildConfiguration;
			baseConfigurationReference = 0712AF908CC71BD846D60077 /* Pods-UIBasic.release.xcconfig */;
			buildSettings = {
				ASSETCATALOG_COMPILER_APPICON_NAME = AppIcon;
				ASSETCATALOG_COMPILER_GLOBAL_ACCENT_COLOR_NAME = AccentColor;
				CODE_SIGN_STYLE = Automatic;
				INFOPLIST_FILE = UIBasic/Info.plist;
				LD_RUNPATH_SEARCH_PATHS = (
					"$(inherited)",
					"@executable_path/Frameworks",
				);
				PRODUCT_BUNDLE_IDENTIFIER = com.beap.UIBasic;
				PRODUCT_NAME = "$(TARGET_NAME)";
				SWIFT_VERSION = 5.0;
				TARGETED_DEVICE_FAMILY = "1,2";
			};
			name = Release;
		};
/* End XCBuildConfiguration section */

/* Begin XCConfigurationList section */
		2315AC282687157000D71FAD /* Build configuration list for PBXProject "UIBasic" */ = {
			isa = XCConfigurationList;
			buildConfigurations = (
				2315AC3F2687157300D71FAD /* Debug */,
				2315AC402687157300D71FAD /* Release */,
			);
			defaultConfigurationIsVisible = 0;
			defaultConfigurationName = Release;
		};
		2315AC412687157300D71FAD /* Build configuration list for PBXNativeTarget "UIBasic" */ = {
			isa = XCConfigurationList;
			buildConfigurations = (
				2315AC422687157300D71FAD /* Debug */,
				2315AC432687157300D71FAD /* Release */,
			);
			defaultConfigurationIsVisible = 0;
			defaultConfigurationName = Release;
		};
/* End XCConfigurationList section */
	};
	rootObject = 2315AC252687157000D71FAD /* Project object */;
}
