// !$*UTF8*$!
{
	archiveVersion = 1;
	classes = {
	};
	objectVersion = 50;
	objects = {

/* Begin PBXBuildFile section */
		2352CA94268B912B009E1DD7 /* AppDelegate.swift in Sources */ = {isa = PBXBuildFile; fileRef = 2352CA93268B912B009E1DD7 /* AppDelegate.swift */; };
		2352CA96268B912B009E1DD7 /* SceneDelegate.swift in Sources */ = {isa = PBXBuildFile; fileRef = 2352CA95268B912B009E1DD7 /* SceneDelegate.swift */; };
		2352CA98268B912B009E1DD7 /* ViewController.swift in Sources */ = {isa = PBXBuildFile; fileRef = 2352CA97268B912B009E1DD7 /* ViewController.swift */; };
		2352CA9B268B912B009E1DD7 /* Main.storyboard in Resources */ = {isa = PBXBuildFile; fileRef = 2352CA99268B912B009E1DD7 /* Main.storyboard */; };
		2352CA9D268B912C009E1DD7 /* Assets.xcassets in Resources */ = {isa = PBXBuildFile; fileRef = 2352CA9C268B912C009E1DD7 /* Assets.xcassets */; };
		2352CAA0268B912C009E1DD7 /* LaunchScreen.storyboard in Resources */ = {isa = PBXBuildFile; fileRef = 2352CA9E268B912C009E1DD7 /* LaunchScreen.storyboard */; };
		2352CAA8268B9444009E1DD7 /* SecondViewController.swift in Sources */ = {isa = PBXBuildFile; fileRef = 2352CAA7268B9444009E1DD7 /* SecondViewController.swift */; };
		4DB6AD8F4D863DC2C73F1FFC /* Pods_NavigationBarBasic.framework in Frameworks */ = {isa = PBXBuildFile; fileRef = 7E885A18C79BD4B822896207 /* Pods_NavigationBarBasic.framework */; };
/* End PBXBuildFile section */

/* Begin PBXFileReference section */
		2352CA90268B912B009E1DD7 /* NavigationBarBasic.app */ = {isa = PBXFileReference; explicitFileType = wrapper.application; includeInIndex = 0; path = NavigationBarBasic.app; sourceTree = BUILT_PRODUCTS_DIR; };
		2352CA93268B912B009E1DD7 /* AppDelegate.swift */ = {isa = PBXFileReference; lastKnownFileType = sourcecode.swift; path = AppDelegate.swift; sourceTree = "<group>"; };
		2352CA95268B912B009E1DD7 /* SceneDelegate.swift */ = {isa = PBXFileReference; lastKnownFileType = sourcecode.swift; path = SceneDelegate.swift; sourceTree = "<group>"; };
		2352CA97268B912B009E1DD7 /* ViewController.swift */ = {isa = PBXFileReference; lastKnownFileType = sourcecode.swift; path = ViewController.swift; sourceTree = "<group>"; };
		2352CA9A268B912B009E1DD7 /* Base */ = {isa = PBXFileReference; lastKnownFileType = file.storyboard; name = Base; path = Base.lproj/Main.storyboard; sourceTree = "<group>"; };
		2352CA9C268B912C009E1DD7 /* Assets.xcassets */ = {isa = PBXFileReference; lastKnownFileType = folder.assetcatalog; path = Assets.xcassets; sourceTree = "<group>"; };
		2352CA9F268B912C009E1DD7 /* Base */ = {isa = PBXFileReference; lastKnownFileType = file.storyboard; name = Base; path = Base.lproj/LaunchScreen.storyboard; sourceTree = "<group>"; };
		2352CAA1268B912C009E1DD7 /* Info.plist */ = {isa = PBXFileReference; lastKnownFileType = text.plist.xml; path = Info.plist; sourceTree = "<group>"; };
		2352CAA7268B9444009E1DD7 /* SecondViewController.swift */ = {isa = PBXFileReference; lastKnownFileType = sourcecode.swift; path = SecondViewController.swift; sourceTree = "<group>"; };
		3E6F411710265A42C6312885 /* Pods-NavigationBarBasic.debug.xcconfig */ = {isa = PBXFileReference; includeInIndex = 1; lastKnownFileType = text.xcconfig; name = "Pods-NavigationBarBasic.debug.xcconfig"; path = "Target Support Files/Pods-NavigationBarBasic/Pods-NavigationBarBasic.debug.xcconfig"; sourceTree = "<group>"; };
		7E885A18C79BD4B822896207 /* Pods_NavigationBarBasic.framework */ = {isa = PBXFileReference; explicitFileType = wrapper.framework; includeInIndex = 0; path = Pods_NavigationBarBasic.framework; sourceTree = BUILT_PRODUCTS_DIR; };
		F34F66854D75C825E6DA708C /* Pods-NavigationBarBasic.release.xcconfig */ = {isa = PBXFileReference; includeInIndex = 1; lastKnownFileType = text.xcconfig; name = "Pods-NavigationBarBasic.release.xcconfig"; path = "Target Support Files/Pods-NavigationBarBasic/Pods-NavigationBarBasic.release.xcconfig"; sourceTree = "<group>"; };
/* End PBXFileReference section */

/* Begin PBXFrameworksBuildPhase section */
		2352CA8D268B912B009E1DD7 /* Frameworks */ = {
			isa = PBXFrameworksBuildPhase;
			buildActionMask = 2147483647;
			files = (
				4DB6AD8F4D863DC2C73F1FFC /* Pods_NavigationBarBasic.framework in Frameworks */,
			);
			runOnlyForDeploymentPostprocessing = 0;
		};
/* End PBXFrameworksBuildPhase section */

/* Begin PBXGroup section */
		2352CA87268B912B009E1DD7 = {
			isa = PBXGroup;
			children = (
				2352CA92268B912B009E1DD7 /* NavigationBarBasic */,
				2352CA91268B912B009E1DD7 /* Products */,
				773B215EFD923BC221108231 /* Pods */,
				8E5D986B7E79E3508FF686A5 /* Frameworks */,
			);
			sourceTree = "<group>";
		};
		2352CA91268B912B009E1DD7 /* Products */ = {
			isa = PBXGroup;
			children = (
				2352CA90268B912B009E1DD7 /* NavigationBarBasic.app */,
			);
			name = Products;
			sourceTree = "<group>";
		};
		2352CA92268B912B009E1DD7 /* NavigationBarBasic */ = {
			isa = PBXGroup;
			children = (
				2352CA93268B912B009E1DD7 /* AppDelegate.swift */,
				2352CA95268B912B009E1DD7 /* SceneDelegate.swift */,
				2352CA97268B912B009E1DD7 /* ViewController.swift */,
				2352CA99268B912B009E1DD7 /* Main.storyboard */,
				2352CA9C268B912C009E1DD7 /* Assets.xcassets */,
				2352CA9E268B912C009E1DD7 /* LaunchScreen.storyboard */,
				2352CAA1268B912C009E1DD7 /* Info.plist */,
				2352CAA7268B9444009E1DD7 /* SecondViewController.swift */,
			);
			path = NavigationBarBasic;
			sourceTree = "<group>";
		};
		773B215EFD923BC221108231 /* Pods */ = {
			isa = PBXGroup;
			children = (
				3E6F411710265A42C6312885 /* Pods-NavigationBarBasic.debug.xcconfig */,
				F34F66854D75C825E6DA708C /* Pods-NavigationBarBasic.release.xcconfig */,
			);
			path = Pods;
			sourceTree = "<group>";
		};
		8E5D986B7E79E3508FF686A5 /* Frameworks */ = {
			isa = PBXGroup;
			children = (
				7E885A18C79BD4B822896207 /* Pods_NavigationBarBasic.framework */,
			);
			name = Frameworks;
			sourceTree = "<group>";
		};
/* End PBXGroup section */

/* Begin PBXNativeTarget section */
		2352CA8F268B912B009E1DD7 /* NavigationBarBasic */ = {
			isa = PBXNativeTarget;
			buildConfigurationList = 2352CAA4268B912C009E1DD7 /* Build configuration list for PBXNativeTarget "NavigationBarBasic" */;
			buildPhases = (
				E79C03E017BB28FE23E986F0 /* [CP] Check Pods Manifest.lock */,
				2352CA8C268B912B009E1DD7 /* Sources */,
				2352CA8D268B912B009E1DD7 /* Frameworks */,
				2352CA8E268B912B009E1DD7 /* Resources */,
			);
			buildRules = (
			);
			dependencies = (
			);
			name = NavigationBarBasic;
			productName = NavigationBarBasic;
			productReference = 2352CA90268B912B009E1DD7 /* NavigationBarBasic.app */;
			productType = "com.apple.product-type.application";
		};
/* End PBXNativeTarget section */

/* Begin PBXProject section */
		2352CA88268B912B009E1DD7 /* Project object */ = {
			isa = PBXProject;
			attributes = {
				LastSwiftUpdateCheck = 1250;
				LastUpgradeCheck = 1250;
				TargetAttributes = {
					2352CA8F268B912B009E1DD7 = {
						CreatedOnToolsVersion = 12.5.1;
					};
				};
			};
			buildConfigurationList = 2352CA8B268B912B009E1DD7 /* Build configuration list for PBXProject "NavigationBarBasic" */;
			compatibilityVersion = "Xcode 9.3";
			developmentRegion = en;
			hasScannedForEncodings = 0;
			knownRegions = (
				en,
				Base,
			);
			mainGroup = 2352CA87268B912B009E1DD7;
			productRefGroup = 2352CA91268B912B009E1DD7 /* Products */;
			projectDirPath = "";
			projectRoot = "";
			targets = (
				2352CA8F268B912B009E1DD7 /* NavigationBarBasic */,
			);
		};
/* End PBXProject section */

/* Begin PBXResourcesBuildPhase section */
		2352CA8E268B912B009E1DD7 /* Resources */ = {
			isa = PBXResourcesBuildPhase;
			buildActionMask = 2147483647;
			files = (
				2352CAA0268B912C009E1DD7 /* LaunchScreen.storyboard in Resources */,
				2352CA9D268B912C009E1DD7 /* Assets.xcassets in Resources */,
				2352CA9B268B912B009E1DD7 /* Main.storyboard in Resources */,
			);
			runOnlyForDeploymentPostprocessing = 0;
		};
/* End PBXResourcesBuildPhase section */

/* Begin PBXShellScriptBuildPhase section */
		E79C03E017BB28FE23E986F0 /* [CP] Check Pods Manifest.lock */ = {
			isa = PBXShellScriptBuildPhase;
			buildActionMask = 2147483647;
			files = (
			);
			inputFileListPaths = (
			);
			inputPaths = (
				"${PODS_PODFILE_DIR_PATH}/Podfile.lock",
				"${PODS_ROOT}/Manifest.lock",
			);
			name = "[CP] Check Pods Manifest.lock";
			outputFileListPaths = (
			);
			outputPaths = (
				"$(DERIVED_FILE_DIR)/Pods-NavigationBarBasic-checkManifestLockResult.txt",
			);
			runOnlyForDeploymentPostprocessing = 0;
			shellPath = /bin/sh;
			shellScript = "diff \"${PODS_PODFILE_DIR_PATH}/Podfile.lock\" \"${PODS_ROOT}/Manifest.lock\" > /dev/null\nif [ $? != 0 ] ; then\n    # print error to STDERR\n    echo \"error: The sandbox is not in sync with the Podfile.lock. Run 'pod install' or update your CocoaPods installation.\" >&2\n    exit 1\nfi\n# This output is used by Xcode 'outputs' to avoid re-running this script phase.\necho \"SUCCESS\" > \"${SCRIPT_OUTPUT_FILE_0}\"\n";
			showEnvVarsInLog = 0;
		};
/* End PBXShellScriptBuildPhase section */

/* Begin PBXSourcesBuildPhase section */
		2352CA8C268B912B009E1DD7 /* Sources */ = {
			isa = PBXSourcesBuildPhase;
			buildActionMask = 2147483647;
			files = (
				2352CAA8268B9444009E1DD7 /* SecondViewController.swift in Sources */,
				2352CA98268B912B009E1DD7 /* ViewController.swift in Sources */,
				2352CA94268B912B009E1DD7 /* AppDelegate.swift in Sources */,
				2352CA96268B912B009E1DD7 /* SceneDelegate.swift in Sources */,
			);
			runOnlyForDeploymentPostprocessing = 0;
		};
/* End PBXSourcesBuildPhase section */

/* Begin PBXVariantGroup section */
		2352CA99268B912B009E1DD7 /* Main.storyboard */ = {
			isa = PBXVariantGroup;
			children = (
				2352CA9A268B912B009E1DD7 /* Base */,
			);
			name = Main.storyboard;
			sourceTree = "<group>";
		};
		2352CA9E268B912C009E1DD7 /* LaunchScreen.storyboard */ = {
			isa = PBXVariantGroup;
			children = (
				2352CA9F268B912C009E1DD7 /* Base */,
			);
			name = LaunchScreen.storyboard;
			sourceTree = "<group>";
		};
/* End PBXVariantGroup section */

/* Begin XCBuildConfiguration section */
		2352CAA2268B912C009E1DD7 /* Debug */ = {
			isa = XCBuildConfiguration;
			buildSettings = {
				ALWAYS_SEARCH_USER_PATHS = NO;
				CLANG_ANALYZER_NONNULL = YES;
				CLANG_ANALYZER_NUMBER_OBJECT_CONVERSION = YES_AGGRESSIVE;
				CLANG_CXX_LANGUAGE_STANDARD = "gnu++14";
				CLANG_CXX_LIBRARY = "libc++";
				CLANG_ENABLE_MODULES = YES;
				CLANG_ENABLE_OBJC_ARC = YES;
				CLANG_ENABLE_OBJC_WEAK = YES;
				CLANG_WARN_BLOCK_CAPTURE_AUTORELEASING = YES;
				CLANG_WARN_BOOL_CONVERSION = YES;
				CLANG_WARN_COMMA = YES;
				CLANG_WARN_CONSTANT_CONVERSION = YES;
				CLANG_WARN_DEPRECATED_OBJC_IMPLEMENTATIONS = YES;
				CLANG_WARN_DIRECT_OBJC_ISA_USAGE = YES_ERROR;
				CLANG_WARN_DOCUMENTATION_COMMENTS = YES;
				CLANG_WARN_EMPTY_BODY = YES;
				CLANG_WARN_ENUM_CONVERSION = YES;
				CLANG_WARN_INFINITE_RECURSION = YES;
				CLANG_WARN_INT_CONVERSION = YES;
				CLANG_WARN_NON_LITERAL_NULL_CONVERSION = YES;
				CLANG_WARN_OBJC_IMPLICIT_RETAIN_SELF = YES;
				CLANG_WARN_OBJC_LITERAL_CONVERSION = YES;
				CLANG_WARN_OBJC_ROOT_CLASS = YES_ERROR;
				CLANG_WARN_QUOTED_INCLUDE_IN_FRAMEWORK_HEADER = YES;
				CLANG_WARN_RANGE_LOOP_ANALYSIS = YES;
				CLANG_WARN_STRICT_PROTOTYPES = YES;
				CLANG_WARN_SUSPICIOUS_MOVE = YES;
				CLANG_WARN_UNGUARDED_AVAILABILITY = YES_AGGRESSIVE;
				CLANG_WARN_UNREACHABLE_CODE = YES;
				CLANG_WARN__DUPLICATE_METHOD_MATCH = YES;
				COPY_PHASE_STRIP = NO;
				DEBUG_INFORMATION_FORMAT = dwarf;
				ENABLE_STRICT_OBJC_MSGSEND = YES;
				ENABLE_TESTABILITY = YES;
				GCC_C_LANGUAGE_STANDARD = gnu11;
				GCC_DYNAMIC_NO_PIC = NO;
				GCC_NO_COMMON_BLOCKS = YES;
				GCC_OPTIMIZATION_LEVEL = 0;
				GCC_PREPROCESSOR_DEFINITIONS = (
					"DEBUG=1",
					"$(inherited)",
				);
				GCC_WARN_64_TO_32_BIT_CONVERSION = YES;
				GCC_WARN_ABOUT_RETURN_TYPE = YES_ERROR;
				GCC_WARN_UNDECLARED_SELECTOR = YES;
				GCC_WARN_UNINITIALIZED_AUTOS = YES_AGGRESSIVE;
				GCC_WARN_UNUSED_FUNCTION = YES;
				GCC_WARN_UNUSED_VARIABLE = YES;
				IPHONEOS_DEPLOYMENT_TARGET = 14.5;
				MTL_ENABLE_DEBUG_INFO = INCLUDE_SOURCE;
				MTL_FAST_MATH = YES;
				ONLY_ACTIVE_ARCH = YES;
				SDKROOT = iphoneos;
				SWIFT_ACTIVE_COMPILATION_CONDITIONS = DEBUG;
				SWIFT_OPTIMIZATION_LEVEL = "-Onone";
			};
			name = Debug;
		};
		2352CAA3268B912C009E1DD7 /* Release */ = {
			isa = XCBuildConfiguration;
			buildSettings = {
				ALWAYS_SEARCH_USER_PATHS = NO;
				CLANG_ANALYZER_NONNULL = YES;
				CLANG_ANALYZER_NUMBER_OBJECT_CONVERSION = YES_AGGRESSIVE;
				CLANG_CXX_LANGUAGE_STANDARD = "gnu++14";
				CLANG_CXX_LIBRARY = "libc++";
				CLANG_ENABLE_MODULES = YES;
				CLANG_ENABLE_OBJC_ARC = YES;
				CLANG_ENABLE_OBJC_WEAK = YES;
				CLANG_WARN_BLOCK_CAPTURE_AUTORELEASING = YES;
				CLANG_WARN_BOOL_CONVERSION = YES;
				CLANG_WARN_COMMA = YES;
				CLANG_WARN_CONSTANT_CONVERSION = YES;
				CLANG_WARN_DEPRECATED_OBJC_IMPLEMENTATIONS = YES;
				CLANG_WARN_DIRECT_OBJC_ISA_USAGE = YES_ERROR;
				CLANG_WARN_DOCUMENTATION_COMMENTS = YES;
				CLANG_WARN_EMPTY_BODY = YES;
				CLANG_WARN_ENUM_CONVERSION = YES;
				CLANG_WARN_INFINITE_RECURSION = YES;
				CLANG_WARN_INT_CONVERSION = YES;
				CLANG_WARN_NON_LITERAL_NULL_CONVERSION = YES;
				CLANG_WARN_OBJC_IMPLICIT_RETAIN_SELF = YES;
				CLANG_WARN_OBJC_LITERAL_CONVERSION = YES;
				CLANG_WARN_OBJC_ROOT_CLASS = YES_ERROR;
				CLANG_WARN_QUOTED_INCLUDE_IN_FRAMEWORK_HEADER = YES;
				CLANG_WARN_RANGE_LOOP_ANALYSIS = YES;
				CLANG_WARN_STRICT_PROTOTYPES = YES;
				CLANG_WARN_SUSPICIOUS_MOVE = YES;
				CLANG_WARN_UNGUARDED_AVAILABILITY = YES_AGGRESSIVE;
				CLANG_WARN_UNREACHABLE_CODE = YES;
				CLANG_WARN__DUPLICATE_METHOD_MATCH = YES;
				COPY_PHASE_STRIP = NO;
				DEBUG_INFORMATION_FORMAT = "dwarf-with-dsym";
				ENABLE_NS_ASSERTIONS = NO;
				ENABLE_STRICT_OBJC_MSGSEND = YES;
				GCC_C_LANGUAGE_STANDARD = gnu11;
				GCC_NO_COMMON_BLOCKS = YES;
				GCC_WARN_64_TO_32_BIT_CONVERSION = YES;
				GCC_WARN_ABOUT_RETURN_TYPE = YES_ERROR;
				GCC_WARN_UNDECLARED_SELECTOR = YES;
				GCC_WARN_UNINITIALIZED_AUTOS = YES_AGGRESSIVE;
				GCC_WARN_UNUSED_FUNCTION = YES;
				GCC_WARN_UNUSED_VARIABLE = YES;
				IPHONEOS_DEPLOYMENT_TARGET = 14.5;
				MTL_ENABLE_DEBUG_INFO = NO;
				MTL_FAST_MATH = YES;
				SDKROOT = iphoneos;
				SWIFT_COMPILATION_MODE = wholemodule;
				SWIFT_OPTIMIZATION_LEVEL = "-O";
				VALIDATE_PRODUCT = YES;
			};
			name = Release;
		};
		2352CAA5268B912C009E1DD7 /* Debug */ = {
			isa = XCBuildConfiguration;
			baseConfigurationReference = 3E6F411710265A42C6312885 /* Pods-NavigationBarBasic.debug.xcconfig */;
			buildSettings = {
				ASSETCATALOG_COMPILER_APPICON_NAME = AppIcon;
				ASSETCATALOG_COMPILER_GLOBAL_ACCENT_COLOR_NAME = AccentColor;
				CODE_SIGN_STYLE = Automatic;
				INFOPLIST_FILE = NavigationBarBasic/Info.plist;
				LD_RUNPATH_SEARCH_PATHS = (
					"$(inherited)",
					"@executable_path/Frameworks",
				);
				PRODUCT_BUNDLE_IDENTIFIER = com.beap.NavigationBarBasic;
				PRODUCT_NAME = "$(TARGET_NAME)";
				SWIFT_VERSION = 5.0;
				TARGETED_DEVICE_FAMILY = "1,2";
			};
			name = Debug;
		};
		2352CAA6268B912C009E1DD7 /* Release */ = {
			isa = XCBuildConfiguration;
			baseConfigurationReference = F34F66854D75C825E6DA708C /* Pods-NavigationBarBasic.release.xcconfig */;
			buildSettings = {
				ASSETCATALOG_COMPILER_APPICON_NAME = AppIcon;
				ASSETCATALOG_COMPILER_GLOBAL_ACCENT_COLOR_NAME = AccentColor;
				CODE_SIGN_STYLE = Automatic;
				INFOPLIST_FILE = NavigationBarBasic/Info.plist;
				LD_RUNPATH_SEARCH_PATHS = (
					"$(inherited)",
					"@executable_path/Frameworks",
				);
				PRODUCT_BUNDLE_IDENTIFIER = com.beap.NavigationBarBasic;
				PRODUCT_NAME = "$(TARGET_NAME)";
				SWIFT_VERSION = 5.0;
				TARGETED_DEVICE_FAMILY = "1,2";
			};
			name = Release;
		};
/* End XCBuildConfiguration section */

/* Begin XCConfigurationList section */
		2352CA8B268B912B009E1DD7 /* Build configuration list for PBXProject "NavigationBarBasic" */ = {
			isa = XCConfigurationList;
			buildConfigurations = (
				2352CAA2268B912C009E1DD7 /* Debug */,
				2352CAA3268B912C009E1DD7 /* Release */,
			);
			defaultConfigurationIsVisible = 0;
			defaultConfigurationName = Release;
		};
		2352CAA4268B912C009E1DD7 /* Build configuration list for PBXNativeTarget "NavigationBarBasic" */ = {
			isa = XCConfigurationList;
			buildConfigurations = (
				2352CAA5268B912C009E1DD7 /* Debug */,
				2352CAA6268B912C009E1DD7 /* Release */,
			);
			defaultConfigurationIsVisible = 0;
			defaultConfigurationName = Release;
		};
/* End XCConfigurationList section */
	};
	rootObject = 2352CA88268B912B009E1DD7 /* Project object */;
}
